
Microsoft Visual Studio Solution File, Format Version 12.00
# Visual Studio 15
Project("{FAE04EC0-301F-11D3-BF4B-00C04F79EFBC}") = "Assembly-CSharp", "Assembly-CSharp.csproj", "{9042C922-9BDD-A08D-5A6A-3B808C4406E6}"
EndProject
Project("{FAE04EC0-301F-11D3-BF4B-00C04F79EFBC}") = "Assembly-CSharp-Editor", "Assembly-CSharp-Editor.csproj", "{661759ED-A96D-AAAD-9210-1FFCEEAD6AA7}"
EndProject
Global
	GlobalSection(SolutionConfigurationPlatforms) = preSolution
		Debug|Any CPU = Debug|Any CPU
		Release|Any CPU = Release|Any CPU
	EndGlobalSection
	GlobalSection(ProjectConfigurationPlatforms) = postSolution
		{9042C922-9BDD-A08D-5A6A-3B808C4406E6}.Debug|Any CPU.ActiveCfg = Debug|Any CPU
		{9042C922-9BDD-A08D-5A6A-3B808C4406E6}.Debug|Any CPU.Build.0 = Debug|Any CPU
		{9042C922-9BDD-A08D-5A6A-3B808C4406E6}.Release|Any CPU.ActiveCfg = Release|Any CPU
		{9042C922-9BDD-A08D-5A6A-3B808C4406E6}.Release|Any CPU.Build.0 = Release|Any CPU
		{661759ED-A96D-AAAD-9210-1FFCEEAD6AA7}.Debug|Any CPU.ActiveCfg = Debug|Any CPU
		{661759ED-A96D-AAAD-9210-1FFCEEAD6AA7}.Debug|Any CPU.Build.0 = Debug|Any CPU
		{661759ED-A96D-AAAD-9210-1FFCEEAD6AA7}.Release|Any CPU.ActiveCfg = Release|Any CPU
		{661759ED-A96D-AAAD-9210-1FFCEEAD6AA7}.Release|Any CPU.Build.0 = Release|Any CPU
	EndGlobalSection
	GlobalSection(SolutionProperties) = preSolution
		HideSolutionNode = FALSE
	EndGlobalSection
EndGlobal
